
Microsoft Visual Studio Solution File, Format Version 12.00
# Visual Studio Version 17
VisualStudioVersion = 17.1.32414.318
MinimumVisualStudioVersion = 10.0.40219.1
Project("{FAE04EC0-301F-11D3-BF4B-00C04F79EFBC}") = "WAZOT", "WAZOT.csproj", "{F8A376A6-C876-4166-9603-6D10A0AA8846}"
EndProject
Global
	GlobalSection(SolutionConfigurationPlatforms) = preSolution
		Debug|Any CPU = Debug|Any CPU
		Release|Any CPU = Release|Any CPU
	EndGlobalSection
	GlobalSection(ProjectConfigurationPlatforms) = postSolution
		{F8A376A6-C876-4166-9603-6D10A0AA8846}.Debug|Any CPU.ActiveCfg = Debug|Any CPU
		{F8A376A6-C876-4166-9603-6D10A0AA8846}.Debug|Any CPU.Build.0 = Debug|Any CPU
		{F8A376A6-C876-4166-9603-6D10A0AA8846}.Release|Any CPU.ActiveCfg = Release|Any CPU
		{F8A376A6-C876-4166-9603-6D10A0AA8846}.Release|Any CPU.Build.0 = Release|Any CPU
	EndGlobalSection
	GlobalSection(SolutionProperties) = preSolution
		HideSolutionNode = FALSE
	EndGlobalSection
	GlobalSection(ExtensibilityGlobals) = postSolution
		SolutionGuid = {C8E4B9FD-C0B7-42E2-BACE-A1779745CC85}
	EndGlobalSection
EndGlobal
